
Microsoft Visual Studio Solution File, Format Version 12.00
# Visual Studio 14
VisualStudioVersion = 14.0.25420.1
MinimumVisualStudioVersion = 10.0.40219.1
Project("{FAE04EC0-301F-11D3-BF4B-00C04F79EFBC}") = "WebApplication1", "WebApplication1\WebApplication1.csproj", "{4D536F02-789D-4CA7-8445-BD68BFFBDEA5}"
EndProject
Project("{FAE04EC0-301F-11D3-BF4B-00C04F79EFBC}") = "crowePelimUnitTests", "crowePelimUnitTests\crowePelimUnitTests.csproj", "{E69EE405-D9DC-42B1-A792-8E1F241A5B18}"
EndProject
Global
	GlobalSection(SolutionConfigurationPlatforms) = preSolution
		Debug|Any CPU = Debug|Any CPU
		Release|Any CPU = Release|Any CPU
	EndGlobalSection
	GlobalSection(ProjectConfigurationPlatforms) = postSolution
		{4D536F02-789D-4CA7-8445-BD68BFFBDEA5}.Debug|Any CPU.ActiveCfg = Debug|Any CPU
		{4D536F02-789D-4CA7-8445-BD68BFFBDEA5}.Debug|Any CPU.Build.0 = Debug|Any CPU
		{4D536F02-789D-4CA7-8445-BD68BFFBDEA5}.Release|Any CPU.ActiveCfg = Release|Any CPU
		{4D536F02-789D-4CA7-8445-BD68BFFBDEA5}.Release|Any CPU.Build.0 = Release|Any CPU
		{E69EE405-D9DC-42B1-A792-8E1F241A5B18}.Debug|Any CPU.ActiveCfg = Debug|Any CPU
		{E69EE405-D9DC-42B1-A792-8E1F241A5B18}.Debug|Any CPU.Build.0 = Debug|Any CPU
		{E69EE405-D9DC-42B1-A792-8E1F241A5B18}.Release|Any CPU.ActiveCfg = Release|Any CPU
		{E69EE405-D9DC-42B1-A792-8E1F241A5B18}.Release|Any CPU.Build.0 = Release|Any CPU
	EndGlobalSection
	GlobalSection(SolutionProperties) = preSolution
		HideSolutionNode = FALSE
	EndGlobalSection
EndGlobal
